Microsoft Visual Studio Solution File, Format Version 12.00
# Visual Studio Version 17
VisualStudioVersion = 17.14.36518.9
MinimumVisualStudioVersion = 10.0.40219.1
Project("{FAE04EC0-301F-11D3-BF4B-00C04F79EFBC}") = "AspireTodo.AppHost", "src\AspireTodo.AppHost\AspireTodo.AppHost.csproj", "{B766F152-F7D9-413F-9232-D93E3989B2B7}"
EndProject
Project("{FAE04EC0-301F-11D3-BF4B-00C04F79EFBC}") = "AspireTodo.ServiceDefaults", "src\AspireTodo.ServiceDefaults\AspireTodo.ServiceDefaults.csproj", "{3790E586-043D-8337-B74A-5144E691611D}"
EndProject
Project("{FAE04EC0-301F-11D3-BF4B-00C04F79EFBC}") = "AspireTodo.ApiService", "src\AspireTodo.ApiService\AspireTodo.ApiService.csproj", "{51E666D6-5FCD-E672-752F-2FE0AC2615D4}"
EndProject
Project("{FAE04EC0-301F-11D3-BF4B-00C04F79EFBC}") = "AspireTodo.Web", "src\AspireTodo.Web\AspireTodo.Web.csproj", "{EA452ADA-A3F4-B938-3256-74AD64D0F733}"
EndProject
Global
	GlobalSection(SolutionConfigurationPlatforms) = preSolution
		Debug|Any CPU = Debug|Any CPU
		Release|Any CPU = Release|Any CPU
	EndGlobalSection
	GlobalSection(ProjectConfigurationPlatforms) = postSolution
		{B766F152-F7D9-413F-9232-D93E3989B2B7}.Debug|Any CPU.ActiveCfg = Debug|Any CPU
		{B766F152-F7D9-413F-9232-D93E3989B2B7}.Debug|Any CPU.Build.0 = Debug|Any CPU
		{B766F152-F7D9-413F-9232-D93E3989B2B7}.Release|Any CPU.ActiveCfg = Release|Any CPU
		{B766F152-F7D9-413F-9232-D93E3989B2B7}.Release|Any CPU.Build.0 = Release|Any CPU
		{3790E586-043D-8337-B74A-5144E691611D}.Debug|Any CPU.ActiveCfg = Debug|Any CPU
		{3790E586-043D-8337-B74A-5144E691611D}.Debug|Any CPU.Build.0 = Debug|Any CPU
		{3790E586-043D-8337-B74A-5144E691611D}.Release|Any CPU.ActiveCfg = Release|Any CPU
		{3790E586-043D-8337-B74A-5144E691611D}.Release|Any CPU.Build.0 = Release|Any CPU
		{51E666D6-5FCD-E672-752F-2FE0AC2615D4}.Debug|Any CPU.ActiveCfg = Debug|Any CPU
		{51E666D6-5FCD-E672-752F-2FE0AC2615D4}.Debug|Any CPU.Build.0 = Debug|Any CPU
		{51E666D6-5FCD-E672-752F-2FE0AC2615D4}.Release|Any CPU.ActiveCfg = Release|Any CPU
		{51E666D6-5FCD-E672-752F-2FE0AC2615D4}.Release|Any CPU.Build.0 = Release|Any CPU
		{EA452ADA-A3F4-B938-3256-74AD64D0F733}.Debug|Any CPU.ActiveCfg = Debug|Any CPU
		{EA452ADA-A3F4-B938-3256-74AD64D0F733}.Debug|Any CPU.Build.0 = Debug|Any CPU
		{EA452ADA-A3F4-B938-3256-74AD64D0F733}.Release|Any CPU.ActiveCfg = Release|Any CPU
		{EA452ADA-A3F4-B938-3256-74AD64D0F733}.Release|Any CPU.Build.0 = Release|Any CPU
	EndGlobalSection
	GlobalSection(SolutionProperties) = preSolution
		HideSolutionNode = FALSE
	EndGlobalSection
	GlobalSection(ExtensibilityGlobals) = postSolution
		SolutionGuid = {DB1B2913-5A79-4EFC-AC81-009028DB57FF}
	EndGlobalSection
EndGlobal
